<?xml version="1.0" encoding="utf-8"?>
<Project ToolsVersion="4.0" xmlns="http://schemas.microsoft.com/developer/msbuild/2003">
  <ItemGroup>
    <Filter Include="include">
      <UniqueIdentifier>{4dcd72a0-43fe-450d-9ac3-d4c3e52f9abe}</UniqueIdentifier>
    </Filter>
    <Filter Include="test">
      <UniqueIdentifier>{cfef1c80-3b13-4489-a93e-cb5e7be2b03f}</UniqueIdentifier>
    </Filter>
    <Filter Include="include\vocab-types-impl">
      <UniqueIdentifier>{b2907700-6d46-4b49-8d29-eaad53d4062f}</UniqueIdentifier>
    </Filter>
  </ItemGroup>
  <ItemGroup>
    <ClInclude Include="doctest.h">
      <Filter>test</Filter>
    </ClInclude>
    <ClInclude Include="..\include\vocab-types-impl\any.h">
      <Filter>include\vocab-types-impl</Filter>
    </ClInclude>
    <ClInclude Include="..\include\vocab-types-impl\optional.h">
      <Filter>include\vocab-types-impl</Filter>
    </ClInclude>
    <ClInclude Include="..\include\vocab-types-impl\string_view.h">
      <Filter>include\vocab-types-impl</Filter>
    </ClInclude>
    <ClInclude Include="..\include\vocab-types-impl\utility.h">
      <Filter>include\vocab-types-impl</Filter>
    </ClInclude>
    <ClInclude Include="..\include\vocab-types-impl\variant.h">
      <Filter>include\vocab-types-impl</Filter>
    </ClInclude>
  </ItemGroup>
  <ItemGroup>
    <ClCompile Include="test.cpp">
      <Filter>test</Filter>
    </ClCompile>
    <ClCompile Include="test-any.cpp">
      <Filter>test</Filter>
    </ClCompile>
    <ClCompile Include="test-variant.cpp">
      <Filter>test</Filter>
    </ClCompile>
    <ClCompile Include="test-optional.cpp">
      <Filter>test</Filter>
    </ClCompile>
    <ClCompile Include="test-string_view.cpp">
      <Filter>test</Filter>
    </ClCompile>
  </ItemGroup>
  <ItemGroup>
    <None Include="..\include\any">
      <Filter>include</Filter>
    </None>
    <None Include="..\include\optional">
      <Filter>include</Filter>
    </None>
    <None Include="..\include\string_view">
      <Filter>include</Filter>
    </None>
    <None Include="..\include\variant">
      <Filter>include</Filter>
    </None>
  </ItemGroup>
</Project>